<Solution>
  <Folder Name="/Frontend/">
    <Project Path="FoodDelivery/FoodDelivery.csproj" />
  </Folder>
  <Folder Name="/Gateway/">
    <Project Path="ApiGateway/ApiGateway.csproj" />
  </Folder>
  <Folder Name="/Services/">
    <Project Path="AuthService/AuthService.csproj" />
    <Project Path="CartService/CartService.csproj" />
    <Project Path="DeliveryService/DeliveryService.csproj" />
    <Project Path="OrderService/OrderService.csproj" />
    <Project Path="PaymentService/PaymentService.csproj" />
    <Project Path="RestaurantService/RestaurantService.csproj" />
  </Folder>
</Solution>
